
Microsoft Visual Studio Solution File, Format Version 12.00
# Visual Studio Version 16
VisualStudioVersion = 16.0.29709.97
MinimumVisualStudioVersion = 10.0.40219.1
Project("{FAE04EC0-301F-11D3-BF4B-00C04F79EFBC}") = "AZ.Marketplace.Functions", "AZ.Marketplace.Functions\AZ.Marketplace.Functions.csproj", "{94B8130B-213C-4F74-B197-CBCBAFCE92CC}"
EndProject
Project("{FAE04EC0-301F-11D3-BF4B-00C04F79EFBC}") = "AZ.Marketplace.Core", "AZ.Marketplace.Core\AZ.Marketplace.Core.csproj", "{B658A2D8-69F1-46A0-8337-6AA59C3B1227}"
EndProject
Project("{FAE04EC0-301F-11D3-BF4B-00C04F79EFBC}") = "AZ.Marketplace.Test", "AZ.Marketplace.Test\AZ.Marketplace.Test.csproj", "{F751DC69-DB64-4651-A0FC-A831507E9806}"
EndProject
Global
	GlobalSection(SolutionConfigurationPlatforms) = preSolution
		Debug|Any CPU = Debug|Any CPU
		Release|Any CPU = Release|Any CPU
	EndGlobalSection
	GlobalSection(ProjectConfigurationPlatforms) = postSolution
		{94B8130B-213C-4F74-B197-CBCBAFCE92CC}.Debug|Any CPU.ActiveCfg = Debug|Any CPU
		{94B8130B-213C-4F74-B197-CBCBAFCE92CC}.Debug|Any CPU.Build.0 = Debug|Any CPU
		{94B8130B-213C-4F74-B197-CBCBAFCE92CC}.Release|Any CPU.ActiveCfg = Release|Any CPU
		{94B8130B-213C-4F74-B197-CBCBAFCE92CC}.Release|Any CPU.Build.0 = Release|Any CPU
		{B658A2D8-69F1-46A0-8337-6AA59C3B1227}.Debug|Any CPU.ActiveCfg = Debug|Any CPU
		{B658A2D8-69F1-46A0-8337-6AA59C3B1227}.Debug|Any CPU.Build.0 = Debug|Any CPU
		{B658A2D8-69F1-46A0-8337-6AA59C3B1227}.Release|Any CPU.ActiveCfg = Release|Any CPU
		{B658A2D8-69F1-46A0-8337-6AA59C3B1227}.Release|Any CPU.Build.0 = Release|Any CPU
		{F751DC69-DB64-4651-A0FC-A831507E9806}.Debug|Any CPU.ActiveCfg = Debug|Any CPU
		{F751DC69-DB64-4651-A0FC-A831507E9806}.Debug|Any CPU.Build.0 = Debug|Any CPU
		{F751DC69-DB64-4651-A0FC-A831507E9806}.Release|Any CPU.ActiveCfg = Release|Any CPU
		{F751DC69-DB64-4651-A0FC-A831507E9806}.Release|Any CPU.Build.0 = Release|Any CPU
	EndGlobalSection
	GlobalSection(SolutionProperties) = preSolution
		HideSolutionNode = FALSE
	EndGlobalSection
	GlobalSection(ExtensibilityGlobals) = postSolution
		SolutionGuid = {E73DF66D-213B-448D-8F79-8C56870C1657}
	EndGlobalSection
EndGlobal
